
Microsoft Visual Studio Solution File, Format Version 12.00
# Visual Studio Version 17
VisualStudioVersion = 17.11.35303.130
MinimumVisualStudioVersion = 10.0.40219.1
Project("{9A19103F-16F7-4668-BE54-9A1E7A4F7556}") = "SearchingSortingAlgorithms", "SearchingAlgorithms\SearchingSortingAlgorithms.csproj", "{F277ADDC-8965-467F-96E3-C667EB996124}"
EndProject
Project("{9A19103F-16F7-4668-BE54-9A1E7A4F7556}") = "UnitTests", "UnitTests\UnitTests.csproj", "{C7C712F9-2903-44FF-BFA5-49D58F4903FE}"
EndProject
Global
	GlobalSection(SolutionConfigurationPlatforms) = preSolution
		Debug|Any CPU = Debug|Any CPU
		Release|Any CPU = Release|Any CPU
	EndGlobalSection
	GlobalSection(ProjectConfigurationPlatforms) = postSolution
		{F277ADDC-8965-467F-96E3-C667EB996124}.Debug|Any CPU.ActiveCfg = Debug|Any CPU
		{F277ADDC-8965-467F-96E3-C667EB996124}.Debug|Any CPU.Build.0 = Debug|Any CPU
		{F277ADDC-8965-467F-96E3-C667EB996124}.Release|Any CPU.ActiveCfg = Release|Any CPU
		{F277ADDC-8965-467F-96E3-C667EB996124}.Release|Any CPU.Build.0 = Release|Any CPU
		{C7C712F9-2903-44FF-BFA5-49D58F4903FE}.Debug|Any CPU.ActiveCfg = Debug|Any CPU
		{C7C712F9-2903-44FF-BFA5-49D58F4903FE}.Debug|Any CPU.Build.0 = Debug|Any CPU
		{C7C712F9-2903-44FF-BFA5-49D58F4903FE}.Release|Any CPU.ActiveCfg = Release|Any CPU
		{C7C712F9-2903-44FF-BFA5-49D58F4903FE}.Release|Any CPU.Build.0 = Release|Any CPU
	EndGlobalSection
	GlobalSection(SolutionProperties) = preSolution
		HideSolutionNode = FALSE
	EndGlobalSection
	GlobalSection(ExtensibilityGlobals) = postSolution
		SolutionGuid = {463D5E17-39B9-4B0E-8EC9-F36F0AD08365}
	EndGlobalSection
EndGlobal
